
Microsoft Visual Studio Solution File, Format Version 12.00
# Visual Studio 15
VisualStudioVersion = 15.0.26124.0
MinimumVisualStudioVersion = 15.0.26124.0
Project("{FAE04EC0-301F-11D3-BF4B-00C04F79EFBC}") = "Domain", "Domain\Domain.csproj", "{24519FA2-3B5D-4293-9E5A-1A53048AE386}"
EndProject
Project("{FAE04EC0-301F-11D3-BF4B-00C04F79EFBC}") = "Application", "Application\Application.csproj", "{444AE2E7-A4F1-44FB-AB37-FC21395EB423}"
EndProject
Project("{FAE04EC0-301F-11D3-BF4B-00C04F79EFBC}") = "Persistence", "Persistence\Persistence.csproj", "{47B775DE-00AB-4F78-BF75-FE7F25DCE659}"
EndProject
Project("{FAE04EC0-301F-11D3-BF4B-00C04F79EFBC}") = "API", "API\API.csproj", "{456332F4-2104-45E6-A7A1-7D2093EF183E}"
EndProject
Global
	GlobalSection(SolutionConfigurationPlatforms) = preSolution
		Debug|Any CPU = Debug|Any CPU
		Debug|x64 = Debug|x64
		Debug|x86 = Debug|x86
		Release|Any CPU = Release|Any CPU
		Release|x64 = Release|x64
		Release|x86 = Release|x86
	EndGlobalSection
	GlobalSection(SolutionProperties) = preSolution
		HideSolutionNode = FALSE
	EndGlobalSection
	GlobalSection(ProjectConfigurationPlatforms) = postSolution
		{24519FA2-3B5D-4293-9E5A-1A53048AE386}.Debug|Any CPU.ActiveCfg = Debug|Any CPU
		{24519FA2-3B5D-4293-9E5A-1A53048AE386}.Debug|Any CPU.Build.0 = Debug|Any CPU
		{24519FA2-3B5D-4293-9E5A-1A53048AE386}.Debug|x64.ActiveCfg = Debug|Any CPU
		{24519FA2-3B5D-4293-9E5A-1A53048AE386}.Debug|x64.Build.0 = Debug|Any CPU
		{24519FA2-3B5D-4293-9E5A-1A53048AE386}.Debug|x86.ActiveCfg = Debug|Any CPU
		{24519FA2-3B5D-4293-9E5A-1A53048AE386}.Debug|x86.Build.0 = Debug|Any CPU
		{24519FA2-3B5D-4293-9E5A-1A53048AE386}.Release|Any CPU.ActiveCfg = Release|Any CPU
		{24519FA2-3B5D-4293-9E5A-1A53048AE386}.Release|Any CPU.Build.0 = Release|Any CPU
		{24519FA2-3B5D-4293-9E5A-1A53048AE386}.Release|x64.ActiveCfg = Release|Any CPU
		{24519FA2-3B5D-4293-9E5A-1A53048AE386}.Release|x64.Build.0 = Release|Any CPU
		{24519FA2-3B5D-4293-9E5A-1A53048AE386}.Release|x86.ActiveCfg = Release|Any CPU
		{24519FA2-3B5D-4293-9E5A-1A53048AE386}.Release|x86.Build.0 = Release|Any CPU
		{444AE2E7-A4F1-44FB-AB37-FC21395EB423}.Debug|Any CPU.ActiveCfg = Debug|Any CPU
		{444AE2E7-A4F1-44FB-AB37-FC21395EB423}.Debug|Any CPU.Build.0 = Debug|Any CPU
		{444AE2E7-A4F1-44FB-AB37-FC21395EB423}.Debug|x64.ActiveCfg = Debug|Any CPU
		{444AE2E7-A4F1-44FB-AB37-FC21395EB423}.Debug|x64.Build.0 = Debug|Any CPU
		{444AE2E7-A4F1-44FB-AB37-FC21395EB423}.Debug|x86.ActiveCfg = Debug|Any CPU
		{444AE2E7-A4F1-44FB-AB37-FC21395EB423}.Debug|x86.Build.0 = Debug|Any CPU
		{444AE2E7-A4F1-44FB-AB37-FC21395EB423}.Release|Any CPU.ActiveCfg = Release|Any CPU
		{444AE2E7-A4F1-44FB-AB37-FC21395EB423}.Release|Any CPU.Build.0 = Release|Any CPU
		{444AE2E7-A4F1-44FB-AB37-FC21395EB423}.Release|x64.ActiveCfg = Release|Any CPU
		{444AE2E7-A4F1-44FB-AB37-FC21395EB423}.Release|x64.Build.0 = Release|Any CPU
		{444AE2E7-A4F1-44FB-AB37-FC21395EB423}.Release|x86.ActiveCfg = Release|Any CPU
		{444AE2E7-A4F1-44FB-AB37-FC21395EB423}.Release|x86.Build.0 = Release|Any CPU
		{47B775DE-00AB-4F78-BF75-FE7F25DCE659}.Debug|Any CPU.ActiveCfg = Debug|Any CPU
		{47B775DE-00AB-4F78-BF75-FE7F25DCE659}.Debug|Any CPU.Build.0 = Debug|Any CPU
		{47B775DE-00AB-4F78-BF75-FE7F25DCE659}.Debug|x64.ActiveCfg = Debug|Any CPU
		{47B775DE-00AB-4F78-BF75-FE7F25DCE659}.Debug|x64.Build.0 = Debug|Any CPU
		{47B775DE-00AB-4F78-BF75-FE7F25DCE659}.Debug|x86.ActiveCfg = Debug|Any CPU
		{47B775DE-00AB-4F78-BF75-FE7F25DCE659}.Debug|x86.Build.0 = Debug|Any CPU
		{47B775DE-00AB-4F78-BF75-FE7F25DCE659}.Release|Any CPU.ActiveCfg = Release|Any CPU
		{47B775DE-00AB-4F78-BF75-FE7F25DCE659}.Release|Any CPU.Build.0 = Release|Any CPU
		{47B775DE-00AB-4F78-BF75-FE7F25DCE659}.Release|x64.ActiveCfg = Release|Any CPU
		{47B775DE-00AB-4F78-BF75-FE7F25DCE659}.Release|x64.Build.0 = Release|Any CPU
		{47B775DE-00AB-4F78-BF75-FE7F25DCE659}.Release|x86.ActiveCfg = Release|Any CPU
		{47B775DE-00AB-4F78-BF75-FE7F25DCE659}.Release|x86.Build.0 = Release|Any CPU
		{456332F4-2104-45E6-A7A1-7D2093EF183E}.Debug|Any CPU.ActiveCfg = Debug|Any CPU
		{456332F4-2104-45E6-A7A1-7D2093EF183E}.Debug|Any CPU.Build.0 = Debug|Any CPU
		{456332F4-2104-45E6-A7A1-7D2093EF183E}.Debug|x64.ActiveCfg = Debug|Any CPU
		{456332F4-2104-45E6-A7A1-7D2093EF183E}.Debug|x64.Build.0 = Debug|Any CPU
		{456332F4-2104-45E6-A7A1-7D2093EF183E}.Debug|x86.ActiveCfg = Debug|Any CPU
		{456332F4-2104-45E6-A7A1-7D2093EF183E}.Debug|x86.Build.0 = Debug|Any CPU
		{456332F4-2104-45E6-A7A1-7D2093EF183E}.Release|Any CPU.ActiveCfg = Release|Any CPU
		{456332F4-2104-45E6-A7A1-7D2093EF183E}.Release|Any CPU.Build.0 = Release|Any CPU
		{456332F4-2104-45E6-A7A1-7D2093EF183E}.Release|x64.ActiveCfg = Release|Any CPU
		{456332F4-2104-45E6-A7A1-7D2093EF183E}.Release|x64.Build.0 = Release|Any CPU
		{456332F4-2104-45E6-A7A1-7D2093EF183E}.Release|x86.ActiveCfg = Release|Any CPU
		{456332F4-2104-45E6-A7A1-7D2093EF183E}.Release|x86.Build.0 = Release|Any CPU
	EndGlobalSection
EndGlobal
